
Microsoft Visual Studio Solution File, Format Version 12.00
# Visual Studio Version 17
VisualStudioVersion = 17.6.33829.357
MinimumVisualStudioVersion = 10.0.40219.1
Project("{FAE04EC0-301F-11D3-BF4B-00C04F79EFBC}") = "BulkyWeb", "BulkyWeb\BulkyWeb.csproj", "{48226FCE-0300-461C-9CD6-6D134E8BBD94}"
EndProject
Global
	GlobalSection(SolutionConfigurationPlatforms) = preSolution
		Debug|Any CPU = Debug|Any CPU
		Release|Any CPU = Release|Any CPU
	EndGlobalSection
	GlobalSection(ProjectConfigurationPlatforms) = postSolution
		{48226FCE-0300-461C-9CD6-6D134E8BBD94}.Debug|Any CPU.ActiveCfg = Debug|Any CPU
		{48226FCE-0300-461C-9CD6-6D134E8BBD94}.Debug|Any CPU.Build.0 = Debug|Any CPU
		{48226FCE-0300-461C-9CD6-6D134E8BBD94}.Release|Any CPU.ActiveCfg = Release|Any CPU
		{48226FCE-0300-461C-9CD6-6D134E8BBD94}.Release|Any CPU.Build.0 = Release|Any CPU
	EndGlobalSection
	GlobalSection(SolutionProperties) = preSolution
		HideSolutionNode = FALSE
	EndGlobalSection
	GlobalSection(ExtensibilityGlobals) = postSolution
		SolutionGuid = {23934A6B-4196-49AB-B94D-82E92562E77C}
	EndGlobalSection
EndGlobal
